// !$*UTF8*$!
{
	archiveVersion = 1;
	classes = {
	};
	objectVersion = 55;
	objects = {

/* Begin PBXBuildFile section */
		8F14200827A4110D003E6FE4 /* loremipsumApp.swift in Sources */ = {isa = PBXBuildFile; fileRef = 8F14200727A4110D003E6FE4 /* loremipsumApp.swift */; };
		8F14200A27A4110D003E6FE4 /* ContentView.swift in Sources */ = {isa = PBXBuildFile; fileRef = 8F14200927A4110D003E6FE4 /* ContentView.swift */; };
		8F14200C27A4110E003E6FE4 /* Assets.xcassets in Resources */ = {isa = PBXBuildFile; fileRef = 8F14200B27A4110E003E6FE4 /* Assets.xcassets */; };
		8F14200F27A4110E003E6FE4 /* Preview Assets.xcassets in Resources */ = {isa = PBXBuildFile; fileRef = 8F14200E27A4110E003E6FE4 /* Preview Assets.xcassets */; };
		8F14201627A4232F003E6FE4 /* GridRow.swift in Sources */ = {isa = PBXBuildFile; fileRef = 8F14201527A4232F003E6FE4 /* GridRow.swift */; };
		8F14201827A559FF003E6FE4 /* keyboard.swift in Sources */ = {isa = PBXBuildFile; fileRef = 8F14201727A559FF003E6FE4 /* keyboard.swift */; };
		8F14201A27A57163003E6FE4 /* GameMagic.swift in Sources */ = {isa = PBXBuildFile; fileRef = 8F14201927A57163003E6FE4 /* GameMagic.swift */; };
		8F14201D27A588F6003E6FE4 /* Cell.swift in Sources */ = {isa = PBXBuildFile; fileRef = 8F14201C27A588F6003E6FE4 /* Cell.swift */; };
		8F4F4A9127A6BCC600C50291 /* SimpleToast in Frameworks */ = {isa = PBXBuildFile; productRef = 8F4F4A9027A6BCC600C50291 /* SimpleToast */; };
		8FABF84727A67C0F00941236 /* Words.swift in Sources */ = {isa = PBXBuildFile; fileRef = 8FABF84627A67C0F00941236 /* Words.swift */; };
		8FCC7A3E27AA6F660085BF5E /* .gitignore in Resources */ = {isa = PBXBuildFile; fileRef = 8FCC7A3D27AA6F660085BF5E /* .gitignore */; };
/* End PBXBuildFile section */

/* Begin PBXFileReference section */
		8F14200427A4110D003E6FE4 /* loremipsum.app */ = {isa = PBXFileReference; explicitFileType = wrapper.application; includeInIndex = 0; path = loremipsum.app; sourceTree = BUILT_PRODUCTS_DIR; };
		8F14200727A4110D003E6FE4 /* loremipsumApp.swift */ = {isa = PBXFileReference; lastKnownFileType = sourcecode.swift; path = loremipsumApp.swift; sourceTree = "<group>"; };
		8F14200927A4110D003E6FE4 /* ContentView.swift */ = {isa = PBXFileReference; lastKnownFileType = sourcecode.swift; path = ContentView.swift; sourceTree = "<group>"; };
		8F14200B27A4110E003E6FE4 /* Assets.xcassets */ = {isa = PBXFileReference; lastKnownFileType = folder.assetcatalog; path = Assets.xcassets; sourceTree = "<group>"; };
		8F14200E27A4110E003E6FE4 /* Preview Assets.xcassets */ = {isa = PBXFileReference; lastKnownFileType = folder.assetcatalog; path = "Preview Assets.xcassets"; sourceTree = "<group>"; };
		8F14201527A4232F003E6FE4 /* GridRow.swift */ = {isa = PBXFileReference; lastKnownFileType = sourcecode.swift; path = GridRow.swift; sourceTree = "<group>"; };
		8F14201727A559FF003E6FE4 /* keyboard.swift */ = {isa = PBXFileReference; lastKnownFileType = sourcecode.swift; path = keyboard.swift; sourceTree = "<group>"; xcLanguageSpecificationIdentifier = xcode.lang.swift; };
		8F14201927A57163003E6FE4 /* GameMagic.swift */ = {isa = PBXFileReference; lastKnownFileType = sourcecode.swift; path = GameMagic.swift; sourceTree = "<group>"; };
		8F14201C27A588F6003E6FE4 /* Cell.swift */ = {isa = PBXFileReference; lastKnownFileType = sourcecode.swift; path = Cell.swift; sourceTree = "<group>"; };
		8F4F4A8E27A6B11100C50291 /* Info.plist */ = {isa = PBXFileReference; lastKnownFileType = text.plist; path = Info.plist; sourceTree = "<group>"; };
		8FABF84627A67C0F00941236 /* Words.swift */ = {isa = PBXFileReference; lastKnownFileType = sourcecode.swift; path = Words.swift; sourceTree = "<group>"; };
		8FCC7A3D27AA6F660085BF5E /* .gitignore */ = {isa = PBXFileReference; lastKnownFileType = text; path = .gitignore; sourceTree = "<group>"; };
/* End PBXFileReference section */

/* Begin PBXFrameworksBuildPhase section */
		8F14200127A4110D003E6FE4 /* Frameworks */ = {
			isa = PBXFrameworksBuildPhase;
			buildActionMask = 2147483647;
			files = (
				8F4F4A9127A6BCC600C50291 /* SimpleToast in Frameworks */,
			);
			runOnlyForDeploymentPostprocessing = 0;
		};
/* End PBXFrameworksBuildPhase section */

/* Begin PBXGroup section */
		8F141FFB27A4110D003E6FE4 = {
			isa = PBXGroup;
			children = (
				8FCC7A3D27AA6F660085BF5E /* .gitignore */,
				8F14200627A4110D003E6FE4 /* loremipsum */,
				8F14200527A4110D003E6FE4 /* Products */,
			);
			sourceTree = "<group>";
		};
		8F14200527A4110D003E6FE4 /* Products */ = {
			isa = PBXGroup;
			children = (
				8F14200427A4110D003E6FE4 /* loremipsum.app */,
			);
			name = Products;
			sourceTree = "<group>";
		};
		8F14200627A4110D003E6FE4 /* loremipsum */ = {
			isa = PBXGroup;
			children = (
				8F4F4A8E27A6B11100C50291 /* Info.plist */,
				8F14201B27A588D6003E6FE4 /* Models */,
				8F14200727A4110D003E6FE4 /* loremipsumApp.swift */,
				8F14200927A4110D003E6FE4 /* ContentView.swift */,
				8F14200B27A4110E003E6FE4 /* Assets.xcassets */,
				8F14201527A4232F003E6FE4 /* GridRow.swift */,
				8F14201727A559FF003E6FE4 /* keyboard.swift */,
				8F14200D27A4110E003E6FE4 /* Preview Content */,
				8F14201927A57163003E6FE4 /* GameMagic.swift */,
			);
			path = loremipsum;
			sourceTree = "<group>";
		};
		8F14200D27A4110E003E6FE4 /* Preview Content */ = {
			isa = PBXGroup;
			children = (
				8F14200E27A4110E003E6FE4 /* Preview Assets.xcassets */,
			);
			path = "Preview Content";
			sourceTree = "<group>";
		};
		8F14201B27A588D6003E6FE4 /* Models */ = {
			isa = PBXGroup;
			children = (
				8F14201C27A588F6003E6FE4 /* Cell.swift */,
				8FABF84627A67C0F00941236 /* Words.swift */,
			);
			path = Models;
			sourceTree = "<group>";
		};
/* End PBXGroup section */

/* Begin PBXNativeTarget section */
		8F14200327A4110D003E6FE4 /* loremipsum */ = {
			isa = PBXNativeTarget;
			buildConfigurationList = 8F14201227A4110E003E6FE4 /* Build configuration list for PBXNativeTarget "loremipsum" */;
			buildPhases = (
				8F14200027A4110D003E6FE4 /* Sources */,
				8F14200127A4110D003E6FE4 /* Frameworks */,
				8F14200227A4110D003E6FE4 /* Resources */,
			);
			buildRules = (
			);
			dependencies = (
			);
			name = loremipsum;
			packageProductDependencies = (
				8F4F4A9027A6BCC600C50291 /* SimpleToast */,
			);
			productName = loremipsum;
			productReference = 8F14200427A4110D003E6FE4 /* loremipsum.app */;
			productType = "com.apple.product-type.application";
		};
/* End PBXNativeTarget section */

/* Begin PBXProject section */
		8F141FFC27A4110D003E6FE4 /* Project object */ = {
			isa = PBXProject;
			attributes = {
				BuildIndependentTargetsInParallel = 1;
				LastSwiftUpdateCheck = 1320;
				LastUpgradeCheck = 1320;
				TargetAttributes = {
					8F14200327A4110D003E6FE4 = {
						CreatedOnToolsVersion = 13.2.1;
					};
				};
			};
			buildConfigurationList = 8F141FFF27A4110D003E6FE4 /* Build configuration list for PBXProject "loremipsum" */;
			compatibilityVersion = "Xcode 13.0";
			developmentRegion = en;
			hasScannedForEncodings = 0;
			knownRegions = (
				en,
				Base,
			);
			mainGroup = 8F141FFB27A4110D003E6FE4;
			packageReferences = (
				8F4F4A8F27A6BCC600C50291 /* XCRemoteSwiftPackageReference "SimpleToast" */,
			);
			productRefGroup = 8F14200527A4110D003E6FE4 /* Products */;
			projectDirPath = "";
			projectRoot = "";
			targets = (
				8F14200327A4110D003E6FE4 /* loremipsum */,
			);
		};
/* End PBXProject section */

/* Begin PBXResourcesBuildPhase section */
		8F14200227A4110D003E6FE4 /* Resources */ = {
			isa = PBXResourcesBuildPhase;
			buildActionMask = 2147483647;
			files = (
				8F14200F27A4110E003E6FE4 /* Preview Assets.xcassets in Resources */,
				8FCC7A3E27AA6F660085BF5E /* .gitignore in Resources */,
				8F14200C27A4110E003E6FE4 /* Assets.xcassets in Resources */,
			);
			runOnlyForDeploymentPostprocessing = 0;
		};
/* End PBXResourcesBuildPhase section */

/* Begin PBXSourcesBuildPhase section */
		8F14200027A4110D003E6FE4 /* Sources */ = {
			isa = PBXSourcesBuildPhase;
			buildActionMask = 2147483647;
			files = (
				8FABF84727A67C0F00941236 /* Words.swift in Sources */,
				8F14201627A4232F003E6FE4 /* GridRow.swift in Sources */,
				8F14200A27A4110D003E6FE4 /* ContentView.swift in Sources */,
				8F14201A27A57163003E6FE4 /* GameMagic.swift in Sources */,
				8F14201827A559FF003E6FE4 /* keyboard.swift in Sources */,
				8F14200827A4110D003E6FE4 /* loremipsumApp.swift in Sources */,
				8F14201D27A588F6003E6FE4 /* Cell.swift in Sources */,
			);
			runOnlyForDeploymentPostprocessing = 0;
		};
/* End PBXSourcesBuildPhase section */

/* Begin XCBuildConfiguration section */
		8F14201027A4110E003E6FE4 /* Debug */ = {
			isa = XCBuildConfiguration;
			buildSettings = {
				ALWAYS_SEARCH_USER_PATHS = NO;
				CLANG_ANALYZER_NONNULL = YES;
				CLANG_ANALYZER_NUMBER_OBJECT_CONVERSION = YES_AGGRESSIVE;
				CLANG_CXX_LANGUAGE_STANDARD = "gnu++17";
				CLANG_CXX_LIBRARY = "libc++";
				CLANG_ENABLE_MODULES = YES;
				CLANG_ENABLE_OBJC_ARC = YES;
				CLANG_ENABLE_OBJC_WEAK = YES;
				CLANG_WARN_BLOCK_CAPTURE_AUTORELEASING = YES;
				CLANG_WARN_BOOL_CONVERSION = YES;
				CLANG_WARN_COMMA = YES;
				CLANG_WARN_CONSTANT_CONVERSION = YES;
				CLANG_WARN_DEPRECATED_OBJC_IMPLEMENTATIONS = YES;
				CLANG_WARN_DIRECT_OBJC_ISA_USAGE = YES_ERROR;
				CLANG_WARN_DOCUMENTATION_COMMENTS = YES;
				CLANG_WARN_EMPTY_BODY = YES;
				CLANG_WARN_ENUM_CONVERSION = YES;
				CLANG_WARN_INFINITE_RECURSION = YES;
				CLANG_WARN_INT_CONVERSION = YES;
				CLANG_WARN_NON_LITERAL_NULL_CONVERSION = YES;
				CLANG_WARN_OBJC_IMPLICIT_RETAIN_SELF = YES;
				CLANG_WARN_OBJC_LITERAL_CONVERSION = YES;
				CLANG_WARN_OBJC_ROOT_CLASS = YES_ERROR;
				CLANG_WARN_QUOTED_INCLUDE_IN_FRAMEWORK_HEADER = YES;
				CLANG_WARN_RANGE_LOOP_ANALYSIS = YES;
				CLANG_WARN_STRICT_PROTOTYPES = YES;
				CLANG_WARN_SUSPICIOUS_MOVE = YES;
				CLANG_WARN_UNGUARDED_AVAILABILITY = YES_AGGRESSIVE;
				CLANG_WARN_UNREACHABLE_CODE = YES;
				CLANG_WARN__DUPLICATE_METHOD_MATCH = YES;
				COPY_PHASE_STRIP = NO;
				DEBUG_INFORMATION_FORMAT = dwarf;
				ENABLE_STRICT_OBJC_MSGSEND = YES;
				ENABLE_TESTABILITY = YES;
				GCC_C_LANGUAGE_STANDARD = gnu11;
				GCC_DYNAMIC_NO_PIC = NO;
				GCC_NO_COMMON_BLOCKS = YES;
				GCC_OPTIMIZATION_LEVEL = 0;
				GCC_PREPROCESSOR_DEFINITIONS = (
					"DEBUG=1",
					"$(inherited)",
				);
				GCC_WARN_64_TO_32_BIT_CONVERSION = YES;
				GCC_WARN_ABOUT_RETURN_TYPE = YES_ERROR;
				GCC_WARN_UNDECLARED_SELECTOR = YES;
				GCC_WARN_UNINITIALIZED_AUTOS = YES_AGGRESSIVE;
				GCC_WARN_UNUSED_FUNCTION = YES;
				GCC_WARN_UNUSED_VARIABLE = YES;
				IPHONEOS_DEPLOYMENT_TARGET = 15.2;
				MTL_ENABLE_DEBUG_INFO = INCLUDE_SOURCE;
				MTL_FAST_MATH = YES;
				ONLY_ACTIVE_ARCH = YES;
				SDKROOT = iphoneos;
				SWIFT_ACTIVE_COMPILATION_CONDITIONS = DEBUG;
				SWIFT_OPTIMIZATION_LEVEL = "-Onone";
			};
			name = Debug;
		};
		8F14201127A4110E003E6FE4 /* Release */ = {
			isa = XCBuildConfiguration;
			buildSettings = {
				ALWAYS_SEARCH_USER_PATHS = NO;
				CLANG_ANALYZER_NONNULL = YES;
				CLANG_ANALYZER_NUMBER_OBJECT_CONVERSION = YES_AGGRESSIVE;
				CLANG_CXX_LANGUAGE_STANDARD = "gnu++17";
				CLANG_CXX_LIBRARY = "libc++";
				CLANG_ENABLE_MODULES = YES;
				CLANG_ENABLE_OBJC_ARC = YES;
				CLANG_ENABLE_OBJC_WEAK = YES;
				CLANG_WARN_BLOCK_CAPTURE_AUTORELEASING = YES;
				CLANG_WARN_BOOL_CONVERSION = YES;
				CLANG_WARN_COMMA = YES;
				CLANG_WARN_CONSTANT_CONVERSION = YES;
				CLANG_WARN_DEPRECATED_OBJC_IMPLEMENTATIONS = YES;
				CLANG_WARN_DIRECT_OBJC_ISA_USAGE = YES_ERROR;
				CLANG_WARN_DOCUMENTATION_COMMENTS = YES;
				CLANG_WARN_EMPTY_BODY = YES;
				CLANG_WARN_ENUM_CONVERSION = YES;
				CLANG_WARN_INFINITE_RECURSION = YES;
				CLANG_WARN_INT_CONVERSION = YES;
				CLANG_WARN_NON_LITERAL_NULL_CONVERSION = YES;
				CLANG_WARN_OBJC_IMPLICIT_RETAIN_SELF = YES;
				CLANG_WARN_OBJC_LITERAL_CONVERSION = YES;
				CLANG_WARN_OBJC_ROOT_CLASS = YES_ERROR;
				CLANG_WARN_QUOTED_INCLUDE_IN_FRAMEWORK_HEADER = YES;
				CLANG_WARN_RANGE_LOOP_ANALYSIS = YES;
				CLANG_WARN_STRICT_PROTOTYPES = YES;
				CLANG_WARN_SUSPICIOUS_MOVE = YES;
				CLANG_WARN_UNGUARDED_AVAILABILITY = YES_AGGRESSIVE;
				CLANG_WARN_UNREACHABLE_CODE = YES;
				CLANG_WARN__DUPLICATE_METHOD_MATCH = YES;
				COPY_PHASE_STRIP = NO;
				DEBUG_INFORMATION_FORMAT = "dwarf-with-dsym";
				ENABLE_NS_ASSERTIONS = NO;
				ENABLE_STRICT_OBJC_MSGSEND = YES;
				GCC_C_LANGUAGE_STANDARD = gnu11;
				GCC_NO_COMMON_BLOCKS = YES;
				GCC_WARN_64_TO_32_BIT_CONVERSION = YES;
				GCC_WARN_ABOUT_RETURN_TYPE = YES_ERROR;
				GCC_WARN_UNDECLARED_SELECTOR = YES;
				GCC_WARN_UNINITIALIZED_AUTOS = YES_AGGRESSIVE;
				GCC_WARN_UNUSED_FUNCTION = YES;
				GCC_WARN_UNUSED_VARIABLE = YES;
				IPHONEOS_DEPLOYMENT_TARGET = 15.2;
				MTL_ENABLE_DEBUG_INFO = NO;
				MTL_FAST_MATH = YES;
				SDKROOT = iphoneos;
				SWIFT_COMPILATION_MODE = wholemodule;
				SWIFT_OPTIMIZATION_LEVEL = "-O";
				VALIDATE_PRODUCT = YES;
			};
			name = Release;
		};
		8F14201327A4110E003E6FE4 /* Debug */ = {
			isa = XCBuildConfiguration;
			buildSettings = {
				ASSETCATALOG_COMPILER_APPICON_NAME = AppIcon;
				ASSETCATALOG_COMPILER_GLOBAL_ACCENT_COLOR_NAME = AccentColor;
				CODE_SIGN_STYLE = Automatic;
				CURRENT_PROJECT_VERSION = 1;
				DEVELOPMENT_ASSET_PATHS = "\"loremipsum/Preview Content\"";
				ENABLE_PREVIEWS = YES;
				GENERATE_INFOPLIST_FILE = YES;
				INFOPLIST_FILE = loremipsum/Info.plist;
				INFOPLIST_KEY_UIApplicationSceneManifest_Generation = YES;
				INFOPLIST_KEY_UIApplicationSupportsIndirectInputEvents = YES;
				INFOPLIST_KEY_UILaunchScreen_Generation = YES;
				INFOPLIST_KEY_UIStatusBarHidden = NO;
				INFOPLIST_KEY_UISupportedInterfaceOrientations_iPad = "UIInterfaceOrientationPortrait UIInterfaceOrientationPortraitUpsideDown UIInterfaceOrientationLandscapeLeft UIInterfaceOrientationLandscapeRight";
				INFOPLIST_KEY_UISupportedInterfaceOrientations_iPhone = "UIInterfaceOrientationPortrait UIInterfaceOrientationLandscapeLeft UIInterfaceOrientationLandscapeRight";
				IPHONEOS_DEPLOYMENT_TARGET = 15.0;
				LD_RUNPATH_SEARCH_PATHS = (
					"$(inherited)",
					"@executable_path/Frameworks",
				);
				MARKETING_VERSION = 1.0;
				PRODUCT_BUNDLE_IDENTIFIER = me.rajvaya.loremipsum;
				PRODUCT_NAME = "$(TARGET_NAME)";
				SWIFT_EMIT_LOC_STRINGS = YES;
				SWIFT_VERSION = 5.0;
				TARGETED_DEVICE_FAMILY = 1;
			};
			name = Debug;
		};
		8F14201427A4110E003E6FE4 /* Release */ = {
			isa = XCBuildConfiguration;
			buildSettings = {
				ASSETCATALOG_COMPILER_APPICON_NAME = AppIcon;
				ASSETCATALOG_COMPILER_GLOBAL_ACCENT_COLOR_NAME = AccentColor;
				CODE_SIGN_STYLE = Automatic;
				CURRENT_PROJECT_VERSION = 1;
				DEVELOPMENT_ASSET_PATHS = "\"loremipsum/Preview Content\"";
				ENABLE_PREVIEWS = YES;
				GENERATE_INFOPLIST_FILE = YES;
				INFOPLIST_FILE = loremipsum/Info.plist;
				INFOPLIST_KEY_UIApplicationSceneManifest_Generation = YES;
				INFOPLIST_KEY_UIApplicationSupportsIndirectInputEvents = YES;
				INFOPLIST_KEY_UILaunchScreen_Generation = YES;
				INFOPLIST_KEY_UIStatusBarHidden = NO;
				INFOPLIST_KEY_UISupportedInterfaceOrientations_iPad = "UIInterfaceOrientationPortrait UIInterfaceOrientationPortraitUpsideDown UIInterfaceOrientationLandscapeLeft UIInterfaceOrientationLandscapeRight";
				INFOPLIST_KEY_UISupportedInterfaceOrientations_iPhone = "UIInterfaceOrientationPortrait UIInterfaceOrientationLandscapeLeft UIInterfaceOrientationLandscapeRight";
				IPHONEOS_DEPLOYMENT_TARGET = 15.0;
				LD_RUNPATH_SEARCH_PATHS = (
					"$(inherited)",
					"@executable_path/Frameworks",
				);
				MARKETING_VERSION = 1.0;
				PRODUCT_BUNDLE_IDENTIFIER = me.rajvaya.loremipsum;
				PRODUCT_NAME = "$(TARGET_NAME)";
				SWIFT_EMIT_LOC_STRINGS = YES;
				SWIFT_VERSION = 5.0;
				TARGETED_DEVICE_FAMILY = 1;
			};
			name = Release;
		};
/* End XCBuildConfiguration section */

/* Begin XCConfigurationList section */
		8F141FFF27A4110D003E6FE4 /* Build configuration list for PBXProject "loremipsum" */ = {
			isa = XCConfigurationList;
			buildConfigurations = (
				8F14201027A4110E003E6FE4 /* Debug */,
				8F14201127A4110E003E6FE4 /* Release */,
			);
			defaultConfigurationIsVisible = 0;
			defaultConfigurationName = Release;
		};
		8F14201227A4110E003E6FE4 /* Build configuration list for PBXNativeTarget "loremipsum" */ = {
			isa = XCConfigurationList;
			buildConfigurations = (
				8F14201327A4110E003E6FE4 /* Debug */,
				8F14201427A4110E003E6FE4 /* Release */,
			);
			defaultConfigurationIsVisible = 0;
			defaultConfigurationName = Release;
		};
/* End XCConfigurationList section */

/* Begin XCRemoteSwiftPackageReference section */
		8F4F4A8F27A6BCC600C50291 /* XCRemoteSwiftPackageReference "SimpleToast" */ = {
			isa = XCRemoteSwiftPackageReference;
			repositoryURL = "https://github.com/sanzaru/SimpleToast";
			requirement = {
				kind = upToNextMajorVersion;
				minimumVersion = 0.5.0;
			};
		};
/* End XCRemoteSwiftPackageReference section */

/* Begin XCSwiftPackageProductDependency section */
		8F4F4A9027A6BCC600C50291 /* SimpleToast */ = {
			isa = XCSwiftPackageProductDependency;
			package = 8F4F4A8F27A6BCC600C50291 /* XCRemoteSwiftPackageReference "SimpleToast" */;
			productName = SimpleToast;
		};
/* End XCSwiftPackageProductDependency section */
	};
	rootObject = 8F141FFC27A4110D003E6FE4 /* Project object */;
}
